
Microsoft Visual Studio Solution File, Format Version 12.00
# Visual Studio Version 17
VisualStudioVersion = 17.1.32328.378
MinimumVisualStudioVersion = 10.0.40219.1
Project("{FAE04EC0-301F-11D3-BF4B-00C04F79EFBC}") = "TiemQuangCao", ".\TiemQuangCao\TiemQuangCao.csproj", "{CE966033-3E7D-4A5E-AD13-3CBE08FE51F1}"
EndProject
Project("{FAE04EC0-301F-11D3-BF4B-00C04F79EFBC}") = "TiemQuangCao.Tests", ".\TiemQuangCao.Tests\TiemQuangCao.Tests.csproj", "{978173C3-5319-4588-888E-52F54E4991E2}"
EndProject
Global
	GlobalSection(SolutionConfigurationPlatforms) = preSolution
		Debug|Any CPU = Debug|Any CPU
		Release|Any CPU = Release|Any CPU
	EndGlobalSection
	GlobalSection(ProjectConfigurationPlatforms) = postSolution
		{CE966033-3E7D-4A5E-AD13-3CBE08FE51F1}.Debug|Any CPU.ActiveCfg = Debug|Any CPU
		{CE966033-3E7D-4A5E-AD13-3CBE08FE51F1}.Debug|Any CPU.Build.0 = Debug|Any CPU
		{CE966033-3E7D-4A5E-AD13-3CBE08FE51F1}.Release|Any CPU.ActiveCfg = Release|Any CPU
		{CE966033-3E7D-4A5E-AD13-3CBE08FE51F1}.Release|Any CPU.Build.0 = Release|Any CPU
		{978173C3-5319-4588-888E-52F54E4991E2}.Debug|Any CPU.ActiveCfg = Debug|Any CPU
		{978173C3-5319-4588-888E-52F54E4991E2}.Debug|Any CPU.Build.0 = Debug|Any CPU
		{978173C3-5319-4588-888E-52F54E4991E2}.Release|Any CPU.ActiveCfg = Release|Any CPU
		{978173C3-5319-4588-888E-52F54E4991E2}.Release|Any CPU.Build.0 = Release|Any CPU
	EndGlobalSection
	GlobalSection(SolutionProperties) = preSolution
		HideSolutionNode = FALSE
	EndGlobalSection
	GlobalSection(ExtensibilityGlobals) = postSolution
		SolutionGuid = {5AE3BDF9-2647-4864-91C4-772D7B51ED87}
	EndGlobalSection
EndGlobal
